
Microsoft Visual Studio Solution File, Format Version 12.00
# Visual Studio Version 17
VisualStudioVersion = 17.2.32630.192
MinimumVisualStudioVersion = 10.0.40219.1
Project("{FAE04EC0-301F-11D3-BF4B-00C04F79EFBC}") = "CryptoTracker", "CryptoTracker\CryptoTracker.csproj", "{69A29AAA-5EC0-4B92-89A3-933A3D507272}"
EndProject
Project("{FAE04EC0-301F-11D3-BF4B-00C04F79EFBC}") = "Model", "Model\Model.csproj", "{B3144B89-C120-46C8-A326-0D8276175A06}"
EndProject
Project("{FAE04EC0-301F-11D3-BF4B-00C04F79EFBC}") = "DataAccess", "DataAccess\DataAccess.csproj", "{7C9FEF59-D4D8-435A-B44E-C053F94ED509}"
EndProject
Global
	GlobalSection(SolutionConfigurationPlatforms) = preSolution
		Debug|Any CPU = Debug|Any CPU
		Release|Any CPU = Release|Any CPU
	EndGlobalSection
	GlobalSection(ProjectConfigurationPlatforms) = postSolution
		{69A29AAA-5EC0-4B92-89A3-933A3D507272}.Debug|Any CPU.ActiveCfg = Debug|Any CPU
		{69A29AAA-5EC0-4B92-89A3-933A3D507272}.Debug|Any CPU.Build.0 = Debug|Any CPU
		{69A29AAA-5EC0-4B92-89A3-933A3D507272}.Release|Any CPU.ActiveCfg = Release|Any CPU
		{69A29AAA-5EC0-4B92-89A3-933A3D507272}.Release|Any CPU.Build.0 = Release|Any CPU
		{B3144B89-C120-46C8-A326-0D8276175A06}.Debug|Any CPU.ActiveCfg = Debug|Any CPU
		{B3144B89-C120-46C8-A326-0D8276175A06}.Debug|Any CPU.Build.0 = Debug|Any CPU
		{B3144B89-C120-46C8-A326-0D8276175A06}.Release|Any CPU.ActiveCfg = Release|Any CPU
		{B3144B89-C120-46C8-A326-0D8276175A06}.Release|Any CPU.Build.0 = Release|Any CPU
		{7C9FEF59-D4D8-435A-B44E-C053F94ED509}.Debug|Any CPU.ActiveCfg = Debug|Any CPU
		{7C9FEF59-D4D8-435A-B44E-C053F94ED509}.Debug|Any CPU.Build.0 = Debug|Any CPU
		{7C9FEF59-D4D8-435A-B44E-C053F94ED509}.Release|Any CPU.ActiveCfg = Release|Any CPU
		{7C9FEF59-D4D8-435A-B44E-C053F94ED509}.Release|Any CPU.Build.0 = Release|Any CPU
	EndGlobalSection
	GlobalSection(SolutionProperties) = preSolution
		HideSolutionNode = FALSE
	EndGlobalSection
	GlobalSection(ExtensibilityGlobals) = postSolution
		SolutionGuid = {7469BF6D-B211-4F11-8B93-9A6855A08B24}
	EndGlobalSection
EndGlobal
